
Microsoft Visual Studio Solution File, Format Version 12.00
# Visual Studio Version 16
VisualStudioVersion = 16.0.30011.22
MinimumVisualStudioVersion = 10.0.40219.1
Project("{8BC9CEB8-8B4A-11D0-8D11-00A0C91BC942}") = "Work with string", "Work with string\Work with string.vcxproj", "{B5AEC3DC-E78E-4B9B-8815-751B0EFC1839}"
EndProject
Global
	GlobalSection(SolutionConfigurationPlatforms) = preSolution
		Debug|x64 = Debug|x64
		Debug|x86 = Debug|x86
		Release|x64 = Release|x64
		Release|x86 = Release|x86
	EndGlobalSection
	GlobalSection(ProjectConfigurationPlatforms) = postSolution
		{B5AEC3DC-E78E-4B9B-8815-751B0EFC1839}.Debug|x64.ActiveCfg = Debug|x64
		{B5AEC3DC-E78E-4B9B-8815-751B0EFC1839}.Debug|x64.Build.0 = Debug|x64
		{B5AEC3DC-E78E-4B9B-8815-751B0EFC1839}.Debug|x86.ActiveCfg = Debug|Win32
		{B5AEC3DC-E78E-4B9B-8815-751B0EFC1839}.Debug|x86.Build.0 = Debug|Win32
		{B5AEC3DC-E78E-4B9B-8815-751B0EFC1839}.Release|x64.ActiveCfg = Release|x64
		{B5AEC3DC-E78E-4B9B-8815-751B0EFC1839}.Release|x64.Build.0 = Release|x64
		{B5AEC3DC-E78E-4B9B-8815-751B0EFC1839}.Release|x86.ActiveCfg = Release|Win32
		{B5AEC3DC-E78E-4B9B-8815-751B0EFC1839}.Release|x86.Build.0 = Release|Win32
	EndGlobalSection
	GlobalSection(SolutionProperties) = preSolution
		HideSolutionNode = FALSE
	EndGlobalSection
	GlobalSection(ExtensibilityGlobals) = postSolution
		SolutionGuid = {156B4D16-ED4F-4C77-ABBA-F0B54D9742B6}
	EndGlobalSection
EndGlobal
